
Microsoft Visual Studio Solution File, Format Version 12.00
# Visual Studio Version 17
VisualStudioVersion = 17.9.34728.123
MinimumVisualStudioVersion = 10.0.40219.1
Project("{FAE04EC0-301F-11D3-BF4B-00C04F79EFBC}") = "DIContainerEX", "DIContainerEX.csproj", "{240B78D4-ED2D-4FB3-981F-3C3BFF537FF1}"
EndProject
Global
	GlobalSection(SolutionConfigurationPlatforms) = preSolution
		Debug|Any CPU = Debug|Any CPU
		Release|Any CPU = Release|Any CPU
	EndGlobalSection
	GlobalSection(ProjectConfigurationPlatforms) = postSolution
		{240B78D4-ED2D-4FB3-981F-3C3BFF537FF1}.Debug|Any CPU.ActiveCfg = Debug|Any CPU
		{240B78D4-ED2D-4FB3-981F-3C3BFF537FF1}.Debug|Any CPU.Build.0 = Debug|Any CPU
		{240B78D4-ED2D-4FB3-981F-3C3BFF537FF1}.Release|Any CPU.ActiveCfg = Release|Any CPU
		{240B78D4-ED2D-4FB3-981F-3C3BFF537FF1}.Release|Any CPU.Build.0 = Release|Any CPU
	EndGlobalSection
	GlobalSection(SolutionProperties) = preSolution
		HideSolutionNode = FALSE
	EndGlobalSection
	GlobalSection(ExtensibilityGlobals) = postSolution
		SolutionGuid = {B384256A-1C53-4C8F-B92D-94DF81775800}
	EndGlobalSection
EndGlobal
